
Microsoft Visual Studio Solution File, Format Version 12.00
# Visual Studio Version 16
VisualStudioVersion = 16.0.30804.86
MinimumVisualStudioVersion = 10.0.40219.1
Project("{9A19103F-16F7-4668-BE54-9A1E7A4F7556}") = "ConsoleApp1", "ConsoleApp1\ConsoleApp1.csproj", "{2D89F1CE-1F50-4B0A-8490-086089E425FD}"
EndProject
Project("{9A19103F-16F7-4668-BE54-9A1E7A4F7556}") = "ClassLibrary1", "ClassLibrary1\ClassLibrary1.csproj", "{5C0C33CE-EC2E-4F0D-B8C3-7904FE5A9F40}"
EndProject
Project("{9A19103F-16F7-4668-BE54-9A1E7A4F7556}") = "FunctionApp2", "FunctionApp2\FunctionApp2.csproj", "{401F542D-A3F6-438C-AAB9-1178DC357FCC}"
EndProject
Project("{2150E333-8FDC-42A3-9474-1A3956D46DE8}") = "Examples", "Examples", "{4C09278C-E77A-40E6-9F4D-E229F12C148D}"
EndProject
Project("{9A19103F-16F7-4668-BE54-9A1E7A4F7556}") = "MediatR.Extensions.Azure.Storage.Tests", "MediatR.Extensions.Azure.Storage.Tests\MediatR.Extensions.Azure.Storage.Tests.csproj", "{678083D7-1CE2-4C8A-8573-D04062B965E6}"
EndProject
Project("{2150E333-8FDC-42A3-9474-1A3956D46DE8}") = "docs", "docs", "{7ED0046B-574B-4121-8482-7F1B3583EE5A}"
	ProjectSection(SolutionItems) = preProject
		docs\BlobExtensions.md = docs\BlobExtensions.md
		docs\QueueExtensions.md = docs\QueueExtensions.md
		README.md = README.md
		docs\TableExtensions.md = docs\TableExtensions.md
	EndProjectSection
EndProject
Project("{9A19103F-16F7-4668-BE54-9A1E7A4F7556}") = "MediatR.Extensions.Azure.Storage.Abstractions", "MediatR.Extensions.Azure.Storage.Abstractions\MediatR.Extensions.Azure.Storage.Abstractions.csproj", "{51C6BF26-8C24-4D31-918C-5253458170B7}"
EndProject
Project("{9A19103F-16F7-4668-BE54-9A1E7A4F7556}") = "MediatR.Extensions.Azure.Storage.Blobs", "MediatR.Extensions.Azure.Storage.Blobs\MediatR.Extensions.Azure.Storage.Blobs.csproj", "{2DB021A9-D06D-4183-9588-383D629A1354}"
EndProject
Project("{9A19103F-16F7-4668-BE54-9A1E7A4F7556}") = "MediatR.Extensions.Azure.Storage.Queues", "MediatR.Extensions.Azure.Storage.Queues\MediatR.Extensions.Azure.Storage.Queues.csproj", "{CAB65138-6442-4033-AC1F-1DCAE3FD7278}"
EndProject
Project("{9A19103F-16F7-4668-BE54-9A1E7A4F7556}") = "MediatR.Extensions.Azure.Storage.Tables", "MediatR.Extensions.Azure.Storage.Tables\MediatR.Extensions.Azure.Storage.Tables.csproj", "{24B9AA35-7E7D-4833-B4CB-254499AA88EC}"
EndProject
Global
	GlobalSection(SolutionConfigurationPlatforms) = preSolution
		Debug|Any CPU = Debug|Any CPU
		Release|Any CPU = Release|Any CPU
	EndGlobalSection
	GlobalSection(ProjectConfigurationPlatforms) = postSolution
		{2D89F1CE-1F50-4B0A-8490-086089E425FD}.Debug|Any CPU.ActiveCfg = Debug|Any CPU
		{2D89F1CE-1F50-4B0A-8490-086089E425FD}.Debug|Any CPU.Build.0 = Debug|Any CPU
		{2D89F1CE-1F50-4B0A-8490-086089E425FD}.Release|Any CPU.ActiveCfg = Release|Any CPU
		{2D89F1CE-1F50-4B0A-8490-086089E425FD}.Release|Any CPU.Build.0 = Release|Any CPU
		{5C0C33CE-EC2E-4F0D-B8C3-7904FE5A9F40}.Debug|Any CPU.ActiveCfg = Debug|Any CPU
		{5C0C33CE-EC2E-4F0D-B8C3-7904FE5A9F40}.Debug|Any CPU.Build.0 = Debug|Any CPU
		{5C0C33CE-EC2E-4F0D-B8C3-7904FE5A9F40}.Release|Any CPU.ActiveCfg = Release|Any CPU
		{5C0C33CE-EC2E-4F0D-B8C3-7904FE5A9F40}.Release|Any CPU.Build.0 = Release|Any CPU
		{401F542D-A3F6-438C-AAB9-1178DC357FCC}.Debug|Any CPU.ActiveCfg = Debug|Any CPU
		{401F542D-A3F6-438C-AAB9-1178DC357FCC}.Debug|Any CPU.Build.0 = Debug|Any CPU
		{401F542D-A3F6-438C-AAB9-1178DC357FCC}.Release|Any CPU.ActiveCfg = Release|Any CPU
		{401F542D-A3F6-438C-AAB9-1178DC357FCC}.Release|Any CPU.Build.0 = Release|Any CPU
		{678083D7-1CE2-4C8A-8573-D04062B965E6}.Debug|Any CPU.ActiveCfg = Debug|Any CPU
		{678083D7-1CE2-4C8A-8573-D04062B965E6}.Debug|Any CPU.Build.0 = Debug|Any CPU
		{678083D7-1CE2-4C8A-8573-D04062B965E6}.Release|Any CPU.ActiveCfg = Release|Any CPU
		{678083D7-1CE2-4C8A-8573-D04062B965E6}.Release|Any CPU.Build.0 = Release|Any CPU
		{51C6BF26-8C24-4D31-918C-5253458170B7}.Debug|Any CPU.ActiveCfg = Debug|Any CPU
		{51C6BF26-8C24-4D31-918C-5253458170B7}.Debug|Any CPU.Build.0 = Debug|Any CPU
		{51C6BF26-8C24-4D31-918C-5253458170B7}.Release|Any CPU.ActiveCfg = Release|Any CPU
		{51C6BF26-8C24-4D31-918C-5253458170B7}.Release|Any CPU.Build.0 = Release|Any CPU
		{2DB021A9-D06D-4183-9588-383D629A1354}.Debug|Any CPU.ActiveCfg = Debug|Any CPU
		{2DB021A9-D06D-4183-9588-383D629A1354}.Debug|Any CPU.Build.0 = Debug|Any CPU
		{2DB021A9-D06D-4183-9588-383D629A1354}.Release|Any CPU.ActiveCfg = Release|Any CPU
		{2DB021A9-D06D-4183-9588-383D629A1354}.Release|Any CPU.Build.0 = Release|Any CPU
		{CAB65138-6442-4033-AC1F-1DCAE3FD7278}.Debug|Any CPU.ActiveCfg = Debug|Any CPU
		{CAB65138-6442-4033-AC1F-1DCAE3FD7278}.Debug|Any CPU.Build.0 = Debug|Any CPU
		{CAB65138-6442-4033-AC1F-1DCAE3FD7278}.Release|Any CPU.ActiveCfg = Release|Any CPU
		{CAB65138-6442-4033-AC1F-1DCAE3FD7278}.Release|Any CPU.Build.0 = Release|Any CPU
		{24B9AA35-7E7D-4833-B4CB-254499AA88EC}.Debug|Any CPU.ActiveCfg = Debug|Any CPU
		{24B9AA35-7E7D-4833-B4CB-254499AA88EC}.Debug|Any CPU.Build.0 = Debug|Any CPU
		{24B9AA35-7E7D-4833-B4CB-254499AA88EC}.Release|Any CPU.ActiveCfg = Release|Any CPU
		{24B9AA35-7E7D-4833-B4CB-254499AA88EC}.Release|Any CPU.Build.0 = Release|Any CPU
	EndGlobalSection
	GlobalSection(SolutionProperties) = preSolution
		HideSolutionNode = FALSE
	EndGlobalSection
	GlobalSection(NestedProjects) = preSolution
		{2D89F1CE-1F50-4B0A-8490-086089E425FD} = {4C09278C-E77A-40E6-9F4D-E229F12C148D}
		{5C0C33CE-EC2E-4F0D-B8C3-7904FE5A9F40} = {4C09278C-E77A-40E6-9F4D-E229F12C148D}
		{401F542D-A3F6-438C-AAB9-1178DC357FCC} = {4C09278C-E77A-40E6-9F4D-E229F12C148D}
	EndGlobalSection
	GlobalSection(ExtensibilityGlobals) = postSolution
		SolutionGuid = {5625AEFF-0F48-4575-B79C-CF93007E5B70}
	EndGlobalSection
EndGlobal
