
Microsoft Visual Studio Solution File, Format Version 12.00
# Visual Studio Version 16
VisualStudioVersion = 16.0.32002.261
MinimumVisualStudioVersion = 10.0.40219.1
Project("{9A19103F-16F7-4668-BE54-9A1E7A4F7556}") = "ClassLibrary1", "ClassLibrary1\ClassLibrary1.csproj", "{F9967561-B823-4198-85AD-4DE1E66E937C}"
EndProject
Project("{9A19103F-16F7-4668-BE54-9A1E7A4F7556}") = "ConsoleApp1", "ConsoleApp1\ConsoleApp1.csproj", "{9EC99EB4-2CF7-452E-85D6-E959B132EABF}"
EndProject
Project("{9A19103F-16F7-4668-BE54-9A1E7A4F7556}") = "MediatR.Extensions.Azure.Storage.Examples", "MediatR.Extensions.Azure.Storage.Examples\MediatR.Extensions.Azure.Storage.Examples.csproj", "{E29FC9FC-8E76-457A-B193-AEBC4D5AF58B}"
EndProject
Global
	GlobalSection(SolutionConfigurationPlatforms) = preSolution
		Debug|Any CPU = Debug|Any CPU
		Release|Any CPU = Release|Any CPU
	EndGlobalSection
	GlobalSection(ProjectConfigurationPlatforms) = postSolution
		{F9967561-B823-4198-85AD-4DE1E66E937C}.Debug|Any CPU.ActiveCfg = Debug|Any CPU
		{F9967561-B823-4198-85AD-4DE1E66E937C}.Debug|Any CPU.Build.0 = Debug|Any CPU
		{F9967561-B823-4198-85AD-4DE1E66E937C}.Release|Any CPU.ActiveCfg = Release|Any CPU
		{F9967561-B823-4198-85AD-4DE1E66E937C}.Release|Any CPU.Build.0 = Release|Any CPU
		{9EC99EB4-2CF7-452E-85D6-E959B132EABF}.Debug|Any CPU.ActiveCfg = Debug|Any CPU
		{9EC99EB4-2CF7-452E-85D6-E959B132EABF}.Debug|Any CPU.Build.0 = Debug|Any CPU
		{9EC99EB4-2CF7-452E-85D6-E959B132EABF}.Release|Any CPU.ActiveCfg = Release|Any CPU
		{9EC99EB4-2CF7-452E-85D6-E959B132EABF}.Release|Any CPU.Build.0 = Release|Any CPU
		{E29FC9FC-8E76-457A-B193-AEBC4D5AF58B}.Debug|Any CPU.ActiveCfg = Debug|Any CPU
		{E29FC9FC-8E76-457A-B193-AEBC4D5AF58B}.Debug|Any CPU.Build.0 = Debug|Any CPU
		{E29FC9FC-8E76-457A-B193-AEBC4D5AF58B}.Release|Any CPU.ActiveCfg = Release|Any CPU
		{E29FC9FC-8E76-457A-B193-AEBC4D5AF58B}.Release|Any CPU.Build.0 = Release|Any CPU
	EndGlobalSection
	GlobalSection(SolutionProperties) = preSolution
		HideSolutionNode = FALSE
	EndGlobalSection
	GlobalSection(ExtensibilityGlobals) = postSolution
		SolutionGuid = {2D16D102-6557-4D7D-AB43-27501886FC42}
	EndGlobalSection
EndGlobal
